
Microsoft Visual Studio Solution File, Format Version 12.00
# Visual Studio Version 17
VisualStudioVersion = 17.10.35013.160
MinimumVisualStudioVersion = 10.0.40219.1
Project("{FAE04EC0-301F-11D3-BF4B-00C04F79EFBC}") = "WebProject", "WebProject\WebProject.csproj", "{7760E054-9025-4A5D-8AC2-7FC2E894C7F5}"
EndProject
Global
	GlobalSection(SolutionConfigurationPlatforms) = preSolution
		Debug|Any CPU = Debug|Any CPU
		Release|Any CPU = Release|Any CPU
	EndGlobalSection
	GlobalSection(ProjectConfigurationPlatforms) = postSolution
		{7760E054-9025-4A5D-8AC2-7FC2E894C7F5}.Debug|Any CPU.ActiveCfg = Debug|Any CPU
		{7760E054-9025-4A5D-8AC2-7FC2E894C7F5}.Debug|Any CPU.Build.0 = Debug|Any CPU
		{7760E054-9025-4A5D-8AC2-7FC2E894C7F5}.Release|Any CPU.ActiveCfg = Release|Any CPU
		{7760E054-9025-4A5D-8AC2-7FC2E894C7F5}.Release|Any CPU.Build.0 = Release|Any CPU
	EndGlobalSection
	GlobalSection(SolutionProperties) = preSolution
		HideSolutionNode = FALSE
	EndGlobalSection
	GlobalSection(ExtensibilityGlobals) = postSolution
		SolutionGuid = {0BF388FF-0F96-4EF0-97AF-C1DC306415C2}
	EndGlobalSection
EndGlobal
